
Microsoft Visual Studio Solution File, Format Version 12.00
# Visual Studio 15
VisualStudioVersion = 15.0.26730.15
MinimumVisualStudioVersion = 10.0.40219.1
Project("{FAE04EC0-301F-11D3-BF4B-00C04F79EFBC}") = "HafizaOyunu", "HafizaOyunu\HafizaOyunu.csproj", "{B1F85F46-AFB1-473D-9274-F2310D4FE201}"
EndProject
Global
	GlobalSection(SolutionConfigurationPlatforms) = preSolution
		Debug|Any CPU = Debug|Any CPU
		Release|Any CPU = Release|Any CPU
	EndGlobalSection
	GlobalSection(ProjectConfigurationPlatforms) = postSolution
		{B1F85F46-AFB1-473D-9274-F2310D4FE201}.Debug|Any CPU.ActiveCfg = Debug|Any CPU
		{B1F85F46-AFB1-473D-9274-F2310D4FE201}.Debug|Any CPU.Build.0 = Debug|Any CPU
		{B1F85F46-AFB1-473D-9274-F2310D4FE201}.Release|Any CPU.ActiveCfg = Release|Any CPU
		{B1F85F46-AFB1-473D-9274-F2310D4FE201}.Release|Any CPU.Build.0 = Release|Any CPU
	EndGlobalSection
	GlobalSection(SolutionProperties) = preSolution
		HideSolutionNode = FALSE
	EndGlobalSection
	GlobalSection(ExtensibilityGlobals) = postSolution
		SolutionGuid = {77AFD5E5-4FBF-4480-901A-1A4FD2E2B2BF}
	EndGlobalSection
EndGlobal
